
Microsoft Visual Studio Solution File, Format Version 12.00
# Visual Studio 15
VisualStudioVersion = 15.0.28307.902
MinimumVisualStudioVersion = 10.0.40219.1
Project("{FAE04EC0-301F-11D3-BF4B-00C04F79EFBC}") = "TeknikServis", "TeknikServis\TeknikServis.csproj", "{F5AF844D-2A28-49DD-9D37-AD7CF3A753C9}"
EndProject
Global
	GlobalSection(SolutionConfigurationPlatforms) = preSolution
		Debug|Any CPU = Debug|Any CPU
		Release|Any CPU = Release|Any CPU
	EndGlobalSection
	GlobalSection(ProjectConfigurationPlatforms) = postSolution
		{F5AF844D-2A28-49DD-9D37-AD7CF3A753C9}.Debug|Any CPU.ActiveCfg = Debug|Any CPU
		{F5AF844D-2A28-49DD-9D37-AD7CF3A753C9}.Debug|Any CPU.Build.0 = Debug|Any CPU
		{F5AF844D-2A28-49DD-9D37-AD7CF3A753C9}.Release|Any CPU.ActiveCfg = Release|Any CPU
		{F5AF844D-2A28-49DD-9D37-AD7CF3A753C9}.Release|Any CPU.Build.0 = Release|Any CPU
	EndGlobalSection
	GlobalSection(SolutionProperties) = preSolution
		HideSolutionNode = FALSE
	EndGlobalSection
	GlobalSection(ExtensibilityGlobals) = postSolution
		SolutionGuid = {39F8930B-9207-4802-891F-FE977D81ED7D}
	EndGlobalSection
EndGlobal
